
Microsoft Visual Studio Solution File, Format Version 12.00
Project("{FAE04EC0-301F-11D3-BF4B-00C04F79EFBC}") = "KeyBlazor", "KeyBlazor\KeyBlazor.csproj", "{EF909962-6C62-443D-8A66-E00AEE00504C}"
EndProject
Project("{FAE04EC0-301F-11D3-BF4B-00C04F79EFBC}") = "KeyBlazor.Examples.Wasm", "KeyBlazor.Examples.Wasm\KeyBlazor.Examples.Wasm.csproj", "{AE338452-EDB9-45B7-ADA4-D1CEED2348E9}"
EndProject
Project("{FAE04EC0-301F-11D3-BF4B-00C04F79EFBC}") = "KeyBlazor.Tests", "KeyBlazor.Tests\KeyBlazor.Tests.csproj", "{FDD66E16-3A8C-4A47-A683-9940D31F01F5}"
EndProject
Global
	GlobalSection(SolutionConfigurationPlatforms) = preSolution
		Debug|Any CPU = Debug|Any CPU
		Release|Any CPU = Release|Any CPU
	EndGlobalSection
	GlobalSection(ProjectConfigurationPlatforms) = postSolution
		{EF909962-6C62-443D-8A66-E00AEE00504C}.Debug|Any CPU.ActiveCfg = Debug|Any CPU
		{EF909962-6C62-443D-8A66-E00AEE00504C}.Debug|Any CPU.Build.0 = Debug|Any CPU
		{EF909962-6C62-443D-8A66-E00AEE00504C}.Release|Any CPU.ActiveCfg = Release|Any CPU
		{EF909962-6C62-443D-8A66-E00AEE00504C}.Release|Any CPU.Build.0 = Release|Any CPU
		{AE338452-EDB9-45B7-ADA4-D1CEED2348E9}.Debug|Any CPU.ActiveCfg = Debug|Any CPU
		{AE338452-EDB9-45B7-ADA4-D1CEED2348E9}.Debug|Any CPU.Build.0 = Debug|Any CPU
		{AE338452-EDB9-45B7-ADA4-D1CEED2348E9}.Release|Any CPU.ActiveCfg = Release|Any CPU
		{AE338452-EDB9-45B7-ADA4-D1CEED2348E9}.Release|Any CPU.Build.0 = Release|Any CPU
		{FDD66E16-3A8C-4A47-A683-9940D31F01F5}.Debug|Any CPU.ActiveCfg = Debug|Any CPU
		{FDD66E16-3A8C-4A47-A683-9940D31F01F5}.Debug|Any CPU.Build.0 = Debug|Any CPU
		{FDD66E16-3A8C-4A47-A683-9940D31F01F5}.Release|Any CPU.ActiveCfg = Release|Any CPU
		{FDD66E16-3A8C-4A47-A683-9940D31F01F5}.Release|Any CPU.Build.0 = Release|Any CPU
	EndGlobalSection
	GlobalSection(NestedProjects) = preSolution
	EndGlobalSection
EndGlobal
