
Microsoft Visual Studio Solution File, Format Version 12.00
Project("{FAE04EC0-301F-11D3-BF4B-00C04F79EFBC}") = "KeyBlazor", "KeyBlazor\KeyBlazor.csproj", "{EF909962-6C62-443D-8A66-E00AEE00504C}"
EndProject
Project("{FAE04EC0-301F-11D3-BF4B-00C04F79EFBC}") = "Examples.WasmOLD", "Examples.WasmOLD\Examples.WasmOLD.csproj", "{02C8AC84-D091-406D-8F99-76433F0F0BE0}"
EndProject
Project("{FAE04EC0-301F-11D3-BF4B-00C04F79EFBC}") = "Examples.Wasm", "Examples.Wasm\Examples.Wasm.csproj", "{BC671F93-45B0-4B11-8BB4-F37D3A27A73B}"
EndProject
Global
	GlobalSection(SolutionConfigurationPlatforms) = preSolution
		Debug|Any CPU = Debug|Any CPU
		Release|Any CPU = Release|Any CPU
	EndGlobalSection
	GlobalSection(ProjectConfigurationPlatforms) = postSolution
		{EF909962-6C62-443D-8A66-E00AEE00504C}.Debug|Any CPU.ActiveCfg = Debug|Any CPU
		{EF909962-6C62-443D-8A66-E00AEE00504C}.Debug|Any CPU.Build.0 = Debug|Any CPU
		{EF909962-6C62-443D-8A66-E00AEE00504C}.Release|Any CPU.ActiveCfg = Release|Any CPU
		{EF909962-6C62-443D-8A66-E00AEE00504C}.Release|Any CPU.Build.0 = Release|Any CPU
		{02C8AC84-D091-406D-8F99-76433F0F0BE0}.Debug|Any CPU.ActiveCfg = Debug|Any CPU
		{02C8AC84-D091-406D-8F99-76433F0F0BE0}.Debug|Any CPU.Build.0 = Debug|Any CPU
		{02C8AC84-D091-406D-8F99-76433F0F0BE0}.Release|Any CPU.ActiveCfg = Release|Any CPU
		{02C8AC84-D091-406D-8F99-76433F0F0BE0}.Release|Any CPU.Build.0 = Release|Any CPU
		{BC671F93-45B0-4B11-8BB4-F37D3A27A73B}.Debug|Any CPU.ActiveCfg = Debug|Any CPU
		{BC671F93-45B0-4B11-8BB4-F37D3A27A73B}.Debug|Any CPU.Build.0 = Debug|Any CPU
		{BC671F93-45B0-4B11-8BB4-F37D3A27A73B}.Release|Any CPU.ActiveCfg = Release|Any CPU
		{BC671F93-45B0-4B11-8BB4-F37D3A27A73B}.Release|Any CPU.Build.0 = Release|Any CPU
	EndGlobalSection
EndGlobal
